
Microsoft Visual Studio Solution File, Format Version 12.00
# Visual Studio Version 17
VisualStudioVersion = 17.11.35312.102
MinimumVisualStudioVersion = 10.0.40219.1
Project("{FAE04EC0-301F-11D3-BF4B-00C04F79EFBC}") = "OnatrixCMS", "OnatrixCMS\OnatrixCMS.csproj", "{599FBFF7-7CC7-4850-8333-D5E23DABB8FF}"
EndProject
Global
	GlobalSection(SolutionConfigurationPlatforms) = preSolution
		Debug|Any CPU = Debug|Any CPU
		Release|Any CPU = Release|Any CPU
	EndGlobalSection
	GlobalSection(ProjectConfigurationPlatforms) = postSolution
		{599FBFF7-7CC7-4850-8333-D5E23DABB8FF}.Debug|Any CPU.ActiveCfg = Debug|Any CPU
		{599FBFF7-7CC7-4850-8333-D5E23DABB8FF}.Debug|Any CPU.Build.0 = Debug|Any CPU
		{599FBFF7-7CC7-4850-8333-D5E23DABB8FF}.Release|Any CPU.ActiveCfg = Release|Any CPU
		{599FBFF7-7CC7-4850-8333-D5E23DABB8FF}.Release|Any CPU.Build.0 = Release|Any CPU
	EndGlobalSection
	GlobalSection(SolutionProperties) = preSolution
		HideSolutionNode = FALSE
	EndGlobalSection
	GlobalSection(ExtensibilityGlobals) = postSolution
		SolutionGuid = {5995C910-F1FA-4E9C-874F-A58806A0F724}
	EndGlobalSection
EndGlobal
